lockfileVersion: '9.0'

settings:
  autoInstallPeers: true
  excludeLinksFromLockfile: false

importers:

  .:
    dependencies:
      opencv.js:
        specifier: ^1.2.1
        version: 1.2.1

packages:

  opencv.js@1.2.1:
    resolution: {integrity: sha512-+ji5Pk3eyz+RRSeZr2kLZNJpjsKoGyPJOjFWng7+Cuq9ylHakBqJMxDGlBW1+qdju3k8DadWOiHJ6JaF28UpKA==}

snapshots:

  opencv.js@1.2.1: {}
